
Microsoft Visual Studio Solution File, Format Version 12.00
# Visual Studio Version 17
VisualStudioVersion = 17.9.34622.214
MinimumVisualStudioVersion = 10.0.40219.1
Project("{9A19103F-16F7-4668-BE54-9A1E7A4F7556}") = "Calculator23521696", "23521696-Calculator\Calculator23521696.csproj", "{57D142BA-D0C3-4D79-B6E6-134B3CF54AD7}"
EndProject
Global
	GlobalSection(SolutionConfigurationPlatforms) = preSolution
		Debug|Any CPU = Debug|Any CPU
		Release|Any CPU = Release|Any CPU
	EndGlobalSection
	GlobalSection(ProjectConfigurationPlatforms) = postSolution
		{57D142BA-D0C3-4D79-B6E6-134B3CF54AD7}.Debug|Any CPU.ActiveCfg = Debug|Any CPU
		{57D142BA-D0C3-4D79-B6E6-134B3CF54AD7}.Debug|Any CPU.Build.0 = Debug|Any CPU
		{57D142BA-D0C3-4D79-B6E6-134B3CF54AD7}.Release|Any CPU.ActiveCfg = Release|Any CPU
		{57D142BA-D0C3-4D79-B6E6-134B3CF54AD7}.Release|Any CPU.Build.0 = Release|Any CPU
	EndGlobalSection
	GlobalSection(SolutionProperties) = preSolution
		HideSolutionNode = FALSE
	EndGlobalSection
	GlobalSection(ExtensibilityGlobals) = postSolution
		SolutionGuid = {B7E5D12A-9E48-44E4-A1D1-D1CCAB1CBD78}
	EndGlobalSection
EndGlobal
